
Microsoft Visual Studio Solution File, Format Version 12.00
# Visual Studio 14
VisualStudioVersion = 14.0.25420.1
MinimumVisualStudioVersion = 10.0.40219.1
Project("{FAE04EC0-301F-11D3-BF4B-00C04F79EFBC}") = "AutoMationFramework", "AutoMationFramework\AutoMationFramework.csproj", "{A336BE93-93D0-4BC0-91E9-19CCC0BDE0FF}"
EndProject
Global
	GlobalSection(SolutionConfigurationPlatforms) = preSolution
		Debug|Any CPU = Debug|Any CPU
		Release|Any CPU = Release|Any CPU
	EndGlobalSection
	GlobalSection(ProjectConfigurationPlatforms) = postSolution
		{A336BE93-93D0-4BC0-91E9-19CCC0BDE0FF}.Debug|Any CPU.ActiveCfg = Debug|Any CPU
		{A336BE93-93D0-4BC0-91E9-19CCC0BDE0FF}.Debug|Any CPU.Build.0 = Debug|Any CPU
		{A336BE93-93D0-4BC0-91E9-19CCC0BDE0FF}.Release|Any CPU.ActiveCfg = Release|Any CPU
		{A336BE93-93D0-4BC0-91E9-19CCC0BDE0FF}.Release|Any CPU.Build.0 = Release|Any CPU
	EndGlobalSection
	GlobalSection(SolutionProperties) = preSolution
		HideSolutionNode = FALSE
	EndGlobalSection
EndGlobal
